// !$*UTF8*$!
{
	archiveVersion = 1;
	classes = {
	};
	objectVersion = 50;
	objects = {

/* Begin PBXBuildFile section */
		0407E0A421C4BA1800704082 /* DeleteButtonActionReceiving.swift in Sources */ = {isa = PBXBuildFile; fileRef = 0407E0A321C4BA1800704082 /* DeleteButtonActionReceiving.swift */; };
		0407E0A621C4BA4400704082 /* ColorButtonActionReceiving.swift in Sources */ = {isa = PBXBuildFile; fileRef = 0407E0A521C4BA4400704082 /* ColorButtonActionReceiving.swift */; };
		0407E0AB21C4EFA100704082 /* EditTagControlPanelVC.swift in Sources */ = {isa = PBXBuildFile; fileRef = 0407E0AA21C4EFA100704082 /* EditTagControlPanelVC.swift */; };
		044723B821C219AF00F0214F /* TagView.swift in Sources */ = {isa = PBXBuildFile; fileRef = 044723B721C219AF00F0214F /* TagView.swift */; };
		044723BA21C219F600F0214F /* HideableShowable.swift in Sources */ = {isa = PBXBuildFile; fileRef = 044723B921C219F600F0214F /* HideableShowable.swift */; };
		044723BC21C21A7100F0214F /* ColorChangeButton.swift in Sources */ = {isa = PBXBuildFile; fileRef = 044723BB21C21A7100F0214F /* ColorChangeButton.swift */; };
		044723BE21C21A9800F0214F /* DeleteButton.swift in Sources */ = {isa = PBXBuildFile; fileRef = 044723BD21C21A9800F0214F /* DeleteButton.swift */; };
		044723C021C21B1F00F0214F /* TagInfoSetable.swift in Sources */ = {isa = PBXBuildFile; fileRef = 044723BF21C21B1F00F0214F /* TagInfoSetable.swift */; };
		044723C821C21DB200F0214F /* PeriodModel+CoreDataClass.swift in Sources */ = {isa = PBXBuildFile; fileRef = 044723C221C21DB200F0214F /* PeriodModel+CoreDataClass.swift */; };
		044723C921C21DB200F0214F /* PeriodModel+CoreDataProperties.swift in Sources */ = {isa = PBXBuildFile; fileRef = 044723C321C21DB200F0214F /* PeriodModel+CoreDataProperties.swift */; };
		044723CA21C21DB200F0214F /* TagModel+CoreDataClass.swift in Sources */ = {isa = PBXBuildFile; fileRef = 044723C421C21DB200F0214F /* TagModel+CoreDataClass.swift */; };
		044723CB21C21DB200F0214F /* TagModel+CoreDataProperties.swift in Sources */ = {isa = PBXBuildFile; fileRef = 044723C521C21DB200F0214F /* TagModel+CoreDataProperties.swift */; };
		044723CC21C21DB200F0214F /* TaskModel+CoreDataClass.swift in Sources */ = {isa = PBXBuildFile; fileRef = 044723C621C21DB200F0214F /* TaskModel+CoreDataClass.swift */; };
		044723CD21C21DB200F0214F /* TaskModel+CoreDataProperties.swift in Sources */ = {isa = PBXBuildFile; fileRef = 044723C721C21DB200F0214F /* TaskModel+CoreDataProperties.swift */; };
		047C4B3021C67AC30009ED40 /* TagInfoReporting.swift in Sources */ = {isa = PBXBuildFile; fileRef = 047C4B2F21C67AC20009ED40 /* TagInfoReporting.swift */; };
		047C4B3221C685AB0009ED40 /* TagInfoReceiving.swift in Sources */ = {isa = PBXBuildFile; fileRef = 047C4B3121C685AB0009ED40 /* TagInfoReceiving.swift */; };
		047C4B3421C68FD80009ED40 /* ColorPaneVC.swift in Sources */ = {isa = PBXBuildFile; fileRef = 047C4B3321C68FD80009ED40 /* ColorPaneVC.swift */; };
		047C4B3721C690DB0009ED40 /* ColorSelectionRepresentingButton.swift in Sources */ = {isa = PBXBuildFile; fileRef = 047C4B3621C690DB0009ED40 /* ColorSelectionRepresentingButton.swift */; };
		047C4B3921C694270009ED40 /* ColorPaneBackgroundView.swift in Sources */ = {isa = PBXBuildFile; fileRef = 047C4B3821C694270009ED40 /* ColorPaneBackgroundView.swift */; };
		B96E0E81219347E50097AB34 /* AppDelegate.swift in Sources */ = {isa = PBXBuildFile; fileRef = B96E0E80219347E50097AB34 /* AppDelegate.swift */; };
		B96E0E83219347E50097AB34 /* CreateTaskVC.swift in Sources */ = {isa = PBXBuildFile; fileRef = B96E0E82219347E50097AB34 /* CreateTaskVC.swift */; };
		B96E0E86219347E50097AB34 /* Main.storyboard in Resources */ = {isa = PBXBuildFile; fileRef = B96E0E84219347E50097AB34 /* Main.storyboard */; };
		B96E0E89219347E50097AB34 /* TaskKiller.xcdatamodeld in Sources */ = {isa = PBXBuildFile; fileRef = B96E0E87219347E50097AB34 /* TaskKiller.xcdatamodeld */; };
		B96E0E8B219347E60097AB34 /* Assets.xcassets in Resources */ = {isa = PBXBuildFile; fileRef = B96E0E8A219347E60097AB34 /* Assets.xcassets */; };
		B96E0E8E219347E60097AB34 /* LaunchScreen.storyboard in Resources */ = {isa = PBXBuildFile; fileRef = B96E0E8C219347E60097AB34 /* LaunchScreen.storyboard */; };
		B96E0E99219347E60097AB34 /* TaskKillerTests.swift in Sources */ = {isa = PBXBuildFile; fileRef = B96E0E98219347E60097AB34 /* TaskKillerTests.swift */; };
		B96E0EA52193D5E20097AB34 /* DeadLineVC.swift in Sources */ = {isa = PBXBuildFile; fileRef = B96E0EA42193D5E20097AB34 /* DeadLineVC.swift */; };
		B96E0EA72193D6020097AB34 /* TaskDescriptionVC.swift in Sources */ = {isa = PBXBuildFile; fileRef = B96E0EA62193D6020097AB34 /* TaskDescriptionVC.swift */; };
		B96E0EA92193D61C0097AB34 /* TagsVC.swift in Sources */ = {isa = PBXBuildFile; fileRef = B96E0EA82193D61C0097AB34 /* TagsVC.swift */; };
		B96E0EAB2193D6650097AB34 /* DeadLineReporting.swift in Sources */ = {isa = PBXBuildFile; fileRef = B96E0EAA2193D6650097AB34 /* DeadLineReporting.swift */; };
		B96E0EAF2193D6BA0097AB34 /* TagsReporting.swift in Sources */ = {isa = PBXBuildFile; fileRef = B96E0EAE2193D6BA0097AB34 /* TagsReporting.swift */; };
		B96E0EB12193D6D00097AB34 /* DeadLineReceiving.swift in Sources */ = {isa = PBXBuildFile; fileRef = B96E0EB02193D6D00097AB34 /* DeadLineReceiving.swift */; };
		B96E0EB32193D6E50097AB34 /* TaskDescriptionReceiving.swift in Sources */ = {isa = PBXBuildFile; fileRef = B96E0EB22193D6E50097AB34 /* TaskDescriptionReceiving.swift */; };
		B96E0EB52193D6F60097AB34 /* TagInfosReceiving.swift in Sources */ = {isa = PBXBuildFile; fileRef = B96E0EB42193D6F60097AB34 /* TagInfosReceiving.swift */; };
		B96E0EB92193D7920097AB34 /* TaskDescriptionReporting.swift in Sources */ = {isa = PBXBuildFile; fileRef = B96E0EB82193D7920097AB34 /* TaskDescriptionReporting.swift */; };
		B96E0EBC2193D7FB0097AB34 /* StaticInfoGathering.swift in Sources */ = {isa = PBXBuildFile; fileRef = B96E0EBB2193D7FB0097AB34 /* StaticInfoGathering.swift */; };
		B96E0EBE2193D80A0097AB34 /* TaskStaticInfo.swift in Sources */ = {isa = PBXBuildFile; fileRef = B96E0EBD2193D80A0097AB34 /* TaskStaticInfo.swift */; };
		B96E0EC02193D82C0097AB34 /* TaskStaticInfoGatherer.swift in Sources */ = {isa = PBXBuildFile; fileRef = B96E0EBF2193D82C0097AB34 /* TaskStaticInfoGatherer.swift */; };
		B96E0EC32193D8820097AB34 /* TaskStaticInfoGetable.swift in Sources */ = {isa = PBXBuildFile; fileRef = B96E0EC22193D8820097AB34 /* TaskStaticInfoGetable.swift */; };
		B96E0EC52193DC470097AB34 /* TagModelFacade.swift in Sources */ = {isa = PBXBuildFile; fileRef = B96E0EC42193DC470097AB34 /* TagModelFacade.swift */; };
		B96E0ED82193EB8A0097AB34 /* PersistanceService.swift in Sources */ = {isa = PBXBuildFile; fileRef = B96E0ED72193EB8A0097AB34 /* PersistanceService.swift */; };
		B997F63A21A500BF00750092 /* TaskStateChangesReceiving.swift in Sources */ = {isa = PBXBuildFile; fileRef = B997F63921A500BF00750092 /* TaskStateChangesReceiving.swift */; };
		B997F63C21A654E400750092 /* AlarmReceiving.swift in Sources */ = {isa = PBXBuildFile; fileRef = B997F63B21A654E400750092 /* AlarmReceiving.swift */; };
		B997F67221AF276E00750092 /* TagsCollectionVC.swift in Sources */ = {isa = PBXBuildFile; fileRef = B997F67121AF276E00750092 /* TagsCollectionVC.swift */; };
		B997F67421AF27DC00750092 /*  TagCell.swift in Sources */ = {isa = PBXBuildFile; fileRef = B997F67321AF27DC00750092 /*  TagCell.swift */; };
		B9A8B11421953C540085FCA0 /* TaskListVC.swift in Sources */ = {isa = PBXBuildFile; fileRef = B9A8B11321953C540085FCA0 /* TaskListVC.swift */; };
		B9A8B1172196C3BF0085FCA0 /* TaskCell.swift in Sources */ = {isa = PBXBuildFile; fileRef = B9A8B1162196C3BF0085FCA0 /* TaskCell.swift */; };
		B9A8B1192196C75C0085FCA0 /* TaskStaticInfoSetable.swift in Sources */ = {isa = PBXBuildFile; fileRef = B9A8B1182196C75C0085FCA0 /* TaskStaticInfoSetable.swift */; };
		B9A8B11B2196C7840085FCA0 /* TaskProgressTimesGetable.swift in Sources */ = {isa = PBXBuildFile; fileRef = B9A8B11A2196C7840085FCA0 /* TaskProgressTimesGetable.swift */; };
		B9A8B11D2196C7A40085FCA0 /* TaskProgressTimesSetable.swift in Sources */ = {isa = PBXBuildFile; fileRef = B9A8B11C2196C7A40085FCA0 /* TaskProgressTimesSetable.swift */; };
		B9A8B11F2196C7D10085FCA0 /* TaskProgressTimes.swift in Sources */ = {isa = PBXBuildFile; fileRef = B9A8B11E2196C7D10085FCA0 /* TaskProgressTimes.swift */; };
		B9A8B1212196CFBF0085FCA0 /* TimeIntervalFormatter.swift in Sources */ = {isa = PBXBuildFile; fileRef = B9A8B1202196CFBF0085FCA0 /* TimeIntervalFormatter.swift */; };
		B9A8B1232196D0230085FCA0 /* TimeIntervalFormatting.swift in Sources */ = {isa = PBXBuildFile; fileRef = B9A8B1222196D0230085FCA0 /* TimeIntervalFormatting.swift */; };
		B9A8B1252196E2820085FCA0 /* TaskStaticInfoUpdating.swift in Sources */ = {isa = PBXBuildFile; fileRef = B9A8B1242196E2820085FCA0 /* TaskStaticInfoUpdating.swift */; };
		B9A8B1272196E2EB0085FCA0 /* TaskStaticInfoUpdater.swift in Sources */ = {isa = PBXBuildFile; fileRef = B9A8B1262196E2EB0085FCA0 /* TaskStaticInfoUpdater.swift */; };
		B9A8B1292196E5890085FCA0 /* TagsStore.swift in Sources */ = {isa = PBXBuildFile; fileRef = B9A8B1282196E5890085FCA0 /* TagsStore.swift */; };
		B9A8B12F2196FF140085FCA0 /* TaskProgressTimesUpdating.swift in Sources */ = {isa = PBXBuildFile; fileRef = B9A8B12E2196FF140085FCA0 /* TaskProgressTimesUpdating.swift */; };
		B9A8B1312196FF530085FCA0 /* TaskProgressTimesUpdater.swift in Sources */ = {isa = PBXBuildFile; fileRef = B9A8B1302196FF530085FCA0 /* TaskProgressTimesUpdater.swift */; };
		B9A8B143219843980085FCA0 /* TaskVC.swift in Sources */ = {isa = PBXBuildFile; fileRef = B9A8B142219843980085FCA0 /* TaskVC.swift */; };
		B9A8B14821984C6F0085FCA0 /* ITaskProgressTrackingVC.swift in Sources */ = {isa = PBXBuildFile; fileRef = B9A8B14721984C6F0085FCA0 /* ITaskProgressTrackingVC.swift */; };
		B9A8B14A21991D410085FCA0 /* TaskStaticInfoLabels.swift in Sources */ = {isa = PBXBuildFile; fileRef = B9A8B14921991D410085FCA0 /* TaskStaticInfoLabels.swift */; };
		B9A8B14C21991FB20085FCA0 /* UILableExtension.swift in Sources */ = {isa = PBXBuildFile; fileRef = B9A8B14B21991FB20085FCA0 /* UILableExtension.swift */; };
		B9A8B14E219929E50085FCA0 /* ITaskModelFacade.swift in Sources */ = {isa = PBXBuildFile; fileRef = B9A8B14D219929E50085FCA0 /* ITaskModelFacade.swift */; };
		B9A8B15021992C260085FCA0 /* TaskModelFacadeFactory.swift in Sources */ = {isa = PBXBuildFile; fileRef = B9A8B14F21992C260085FCA0 /* TaskModelFacadeFactory.swift */; };
		B9A8B15221992D270085FCA0 /* ITaskModelFacadeFactory.swift in Sources */ = {isa = PBXBuildFile; fileRef = B9A8B15121992D270085FCA0 /* ITaskModelFacadeFactory.swift */; };
		B9A8B15421992ECD0085FCA0 /* TaskModelFacade.swift in Sources */ = {isa = PBXBuildFile; fileRef = B9A8B15321992ECD0085FCA0 /* TaskModelFacade.swift */; };
		B9A8B1562199326C0085FCA0 /* TaskModelHandling.swift in Sources */ = {isa = PBXBuildFile; fileRef = B9A8B1552199326C0085FCA0 /* TaskModelHandling.swift */; };
		B9A8B15D219A74B90085FCA0 /* TaskProgressTrackingModelHandler.swift in Sources */ = {isa = PBXBuildFile; fileRef = B9A8B15C219A74B90085FCA0 /* TaskProgressTrackingModelHandler.swift */; };
		B9A8B15F219A826F0085FCA0 /* TaskStateRepresentable.swift in Sources */ = {isa = PBXBuildFile; fileRef = B9A8B15E219A826F0085FCA0 /* TaskStateRepresentable.swift */; };
		B9A8B161219A83740085FCA0 /* TaskStateRepresentableViews.swift in Sources */ = {isa = PBXBuildFile; fileRef = B9A8B160219A83740085FCA0 /* TaskStateRepresentableViews.swift */; };
		B9A8B163219A84310085FCA0 /* StateRepresenting.swift in Sources */ = {isa = PBXBuildFile; fileRef = B9A8B162219A84310085FCA0 /* StateRepresenting.swift */; };
		B9A8B165219A84C50085FCA0 /* StateRepresentor.swift in Sources */ = {isa = PBXBuildFile; fileRef = B9A8B164219A84C40085FCA0 /* StateRepresentor.swift */; };
		B9A8B168219BBCC30085FCA0 /* TimeCounting.swift in Sources */ = {isa = PBXBuildFile; fileRef = B9A8B167219BBCC30085FCA0 /* TimeCounting.swift */; };
		B9A8B16A219BBDC20085FCA0 /* TimeIncrementsReceiving.swift in Sources */ = {isa = PBXBuildFile; fileRef = B9A8B169219BBDC10085FCA0 /* TimeIncrementsReceiving.swift */; };
		B9A8B16D219BBED20085FCA0 /* TimeCounter.swift in Sources */ = {isa = PBXBuildFile; fileRef = B9A8B16C219BBED20085FCA0 /* TimeCounter.swift */; };
		B9A8B16F219BC9F60085FCA0 /* TaskStateable.swift in Sources */ = {isa = PBXBuildFile; fileRef = B9A8B16E219BC9F60085FCA0 /* TaskStateable.swift */; };
		B9A8B172219BCF060085FCA0 /* TaskProgressPeriod.swift in Sources */ = {isa = PBXBuildFile; fileRef = B9A8B171219BCF060085FCA0 /* TaskProgressPeriod.swift */; };
		B9A8B174219BD3220085FCA0 /* TaskState.swift in Sources */ = {isa = PBXBuildFile; fileRef = B9A8B173219BD3220085FCA0 /* TaskState.swift */; };
		B9A8B176219BD77A0085FCA0 /* States.swift in Sources */ = {isa = PBXBuildFile; fileRef = B9A8B175219BD77A0085FCA0 /* States.swift */; };
		B9A8B178219D18AC0085FCA0 /* Alarming.swift in Sources */ = {isa = PBXBuildFile; fileRef = B9A8B177219D18AB0085FCA0 /* Alarming.swift */; };
		B9A8B17E219D206F0085FCA0 /* AlarmClock.swift in Sources */ = {isa = PBXBuildFile; fileRef = B9A8B17D219D206F0085FCA0 /* AlarmClock.swift */; };
		B9A8B184219E68D90085FCA0 /* TaskProgressTimesLabels.swift in Sources */ = {isa = PBXBuildFile; fileRef = B9A8B183219E68D90085FCA0 /* TaskProgressTimesLabels.swift */; };
		B9A8B18621A1C1AA0085FCA0 /* PostponeTimeReceiving.swift in Sources */ = {isa = PBXBuildFile; fileRef = B9A8B18521A1C1AA0085FCA0 /* PostponeTimeReceiving.swift */; };
		B9A8B18821A1C5C00085FCA0 /* IDeadlinePostponingVCFactory.swift in Sources */ = {isa = PBXBuildFile; fileRef = B9A8B18721A1C5C00085FCA0 /* IDeadlinePostponingVCFactory.swift */; };
		B9A8B18B21A1C7FC0085FCA0 /* DeadlinePostponingVC.swift in Sources */ = {isa = PBXBuildFile; fileRef = B9A8B18A21A1C7FC0085FCA0 /* DeadlinePostponingVC.swift */; };
		B9A8B18D21A1E0E50085FCA0 /* TaskProgressSaving.swift in Sources */ = {isa = PBXBuildFile; fileRef = B9A8B18C21A1E0E50085FCA0 /* TaskProgressSaving.swift */; };
		B9A8B18F21A1E5AC0085FCA0 /* TaskProgressInfo.swift in Sources */ = {isa = PBXBuildFile; fileRef = B9A8B18E21A1E5AC0085FCA0 /* TaskProgressInfo.swift */; };
		B9A8B19221A1E61E0085FCA0 /* TaskProgressInfoGetable.swift in Sources */ = {isa = PBXBuildFile; fileRef = B9A8B19121A1E61E0085FCA0 /* TaskProgressInfoGetable.swift */; };
		B9A8B19821A2D2F50085FCA0 /* TaskInfoGetableModelHandler.swift in Sources */ = {isa = PBXBuildFile; fileRef = B9A8B19721A2D2F50085FCA0 /* TaskInfoGetableModelHandler.swift */; };
		B9A8B19B21A2D6C90085FCA0 /* ITaskProgressTrackingModelHandler.swift in Sources */ = {isa = PBXBuildFile; fileRef = B9A8B19A21A2D6C90085FCA0 /* ITaskProgressTrackingModelHandler.swift */; };
		B9A8B19D21A2D70D0085FCA0 /* ITaskInfoGetableModelHandler.swift in Sources */ = {isa = PBXBuildFile; fileRef = B9A8B19C21A2D70D0085FCA0 /* ITaskInfoGetableModelHandler.swift */; };
		B9A8B19F21A2ED890085FCA0 /* ITaskState.swift in Sources */ = {isa = PBXBuildFile; fileRef = B9A8B19E21A2ED890085FCA0 /* ITaskState.swift */; };
/* End PBXBuildFile section */

/* Begin PBXContainerItemProxy section */
		B96E0E95219347E60097AB34 /* PBXContainerItemProxy */ = {
			isa = PBXContainerItemProxy;
			containerPortal = B96E0E75219347E50097AB34 /* Project object */;
			proxyType = 1;
			remoteGlobalIDString = B96E0E7C219347E50097AB34;
			remoteInfo = TaskKiller;
		};
/* End PBXContainerItemProxy section */

/* Begin PBXFileReference section */
		0407E0A221C343CB00704082 /* TaskKiller 12.xcdatamodel */ = {isa = PBXFileReference; lastKnownFileType = wrapper.xcdatamodel; path = "TaskKiller 12.xcdatamodel"; sourceTree = "<group>"; };
		0407E0A321C4BA1800704082 /* DeleteButtonActionReceiving.swift */ = {isa = PBXFileReference; lastKnownFileType = sourcecode.swift; path = DeleteButtonActionReceiving.swift; sourceTree = "<group>"; };
		0407E0A521C4BA4400704082 /* ColorButtonActionReceiving.swift */ = {isa = PBXFileReference; lastKnownFileType = sourcecode.swift; path = ColorButtonActionReceiving.swift; sourceTree = "<group>"; };
		0407E0A821C4C01700704082 /* TaskKiller 13.xcdatamodel */ = {isa = PBXFileReference; lastKnownFileType = wrapper.xcdatamodel; path = "TaskKiller 13.xcdatamodel"; sourceTree = "<group>"; };
		0407E0AA21C4EFA100704082 /* EditTagControlPanelVC.swift */ = {isa = PBXFileReference; lastKnownFileType = sourcecode.swift; path = EditTagControlPanelVC.swift; sourceTree = "<group>"; };
		044723B721C219AF00F0214F /* TagView.swift */ = {isa = PBXFileReference; lastKnownFileType = sourcecode.swift; path = TagView.swift; sourceTree = "<group>"; };
		044723B921C219F600F0214F /* HideableShowable.swift */ = {isa = PBXFileReference; lastKnownFileType = sourcecode.swift; path = HideableShowable.swift; sourceTree = "<group>"; };
		044723BB21C21A7100F0214F /* ColorChangeButton.swift */ = {isa = PBXFileReference; lastKnownFileType = sourcecode.swift; path = ColorChangeButton.swift; sourceTree = "<group>"; };
		044723BD21C21A9800F0214F /* DeleteButton.swift */ = {isa = PBXFileReference; lastKnownFileType = sourcecode.swift; path = DeleteButton.swift; sourceTree = "<group>"; };
		044723BF21C21B1F00F0214F /* TagInfoSetable.swift */ = {isa = PBXFileReference; lastKnownFileType = sourcecode.swift; path = TagInfoSetable.swift; sourceTree = "<group>"; };
		044723C121C21D4B00F0214F /* TaskKiller 11.xcdatamodel */ = {isa = PBXFileReference; lastKnownFileType = wrapper.xcdatamodel; path = "TaskKiller 11.xcdatamodel"; sourceTree = "<group>"; };
		044723C221C21DB200F0214F /* PeriodModel+CoreDataClass.swift */ = {isa = PBXFileReference; lastKnownFileType = sourcecode.swift; path = "PeriodModel+CoreDataClass.swift"; sourceTree = "<group>"; };
		044723C321C21DB200F0214F /* PeriodModel+CoreDataProperties.swift */ = {isa = PBXFileReference; lastKnownFileType = sourcecode.swift; path = "PeriodModel+CoreDataProperties.swift"; sourceTree = "<group>"; };
		044723C421C21DB200F0214F /* TagModel+CoreDataClass.swift */ = {isa = PBXFileReference; lastKnownFileType = sourcecode.swift; path = "TagModel+CoreDataClass.swift"; sourceTree = "<group>"; };
		044723C521C21DB200F0214F /* TagModel+CoreDataProperties.swift */ = {isa = PBXFileReference; lastKnownFileType = sourcecode.swift; path = "TagModel+CoreDataProperties.swift"; sourceTree = "<group>"; };
		044723C621C21DB200F0214F /* TaskModel+CoreDataClass.swift */ = {isa = PBXFileReference; lastKnownFileType = sourcecode.swift; path = "TaskModel+CoreDataClass.swift"; sourceTree = "<group>"; };
		044723C721C21DB200F0214F /* TaskModel+CoreDataProperties.swift */ = {isa = PBXFileReference; lastKnownFileType = sourcecode.swift; path = "TaskModel+CoreDataProperties.swift"; sourceTree = "<group>"; };
		047C4B2F21C67AC20009ED40 /* TagInfoReporting.swift */ = {isa = PBXFileReference; lastKnownFileType = sourcecode.swift; path = TagInfoReporting.swift; sourceTree = "<group>"; };
		047C4B3121C685AB0009ED40 /* TagInfoReceiving.swift */ = {isa = PBXFileReference; lastKnownFileType = sourcecode.swift; path = TagInfoReceiving.swift; sourceTree = "<group>"; };
		047C4B3321C68FD80009ED40 /* ColorPaneVC.swift */ = {isa = PBXFileReference; lastKnownFileType = sourcecode.swift; path = ColorPaneVC.swift; sourceTree = "<group>"; };
		047C4B3621C690DB0009ED40 /* ColorSelectionRepresentingButton.swift */ = {isa = PBXFileReference; lastKnownFileType = sourcecode.swift; path = ColorSelectionRepresentingButton.swift; sourceTree = "<group>"; };
		047C4B3821C694270009ED40 /* ColorPaneBackgroundView.swift */ = {isa = PBXFileReference; lastKnownFileType = sourcecode.swift; path = ColorPaneBackgroundView.swift; sourceTree = "<group>"; };
		B96E0E7D219347E50097AB34 /* TaskKiller.app */ = {isa = PBXFileReference; explicitFileType = wrapper.application; includeInIndex = 0; path = TaskKiller.app; sourceTree = BUILT_PRODUCTS_DIR; };
		B96E0E80219347E50097AB34 /* AppDelegate.swift */ = {isa = PBXFileReference; lastKnownFileType = sourcecode.swift; path = AppDelegate.swift; sourceTree = "<group>"; };
		B96E0E82219347E50097AB34 /* CreateTaskVC.swift */ = {isa = PBXFileReference; lastKnownFileType = sourcecode.swift; path = CreateTaskVC.swift; sourceTree = "<group>"; };
		B96E0E85219347E50097AB34 /* Base */ = {isa = PBXFileReference; lastKnownFileType = file.storyboard; name = Base; path = Base.lproj/Main.storyboard; sourceTree = "<group>"; };
		B96E0E88219347E50097AB34 /* TaskKiller.xcdatamodel */ = {isa = PBXFileReference; lastKnownFileType = wrapper.xcdatamodel; path = TaskKiller.xcdatamodel; sourceTree = "<group>"; };
		B96E0E8A219347E60097AB34 /* Assets.xcassets */ = {isa = PBXFileReference; lastKnownFileType = folder.assetcatalog; path = Assets.xcassets; sourceTree = "<group>"; };
		B96E0E8D219347E60097AB34 /* Base */ = {isa = PBXFileReference; lastKnownFileType = file.storyboard; name = Base; path = Base.lproj/LaunchScreen.storyboard; sourceTree = "<group>"; };
		B96E0E8F219347E60097AB34 /* Info.plist */ = {isa = PBXFileReference; lastKnownFileType = text.plist.xml; path = Info.plist; sourceTree = "<group>"; };
		B96E0E94219347E60097AB34 /* TaskKillerTests.xctest */ = {isa = PBXFileReference; explicitFileType = wrapper.cfbundle; includeInIndex = 0; path = TaskKillerTests.xctest; sourceTree = BUILT_PRODUCTS_DIR; };
		B96E0E98219347E60097AB34 /* TaskKillerTests.swift */ = {isa = PBXFileReference; lastKnownFileType = sourcecode.swift; path = TaskKillerTests.swift; sourceTree = "<group>"; };
		B96E0E9A219347E60097AB34 /* Info.plist */ = {isa = PBXFileReference; lastKnownFileType = text.plist.xml; path = Info.plist; sourceTree = "<group>"; };
		B96E0EA42193D5E20097AB34 /* DeadLineVC.swift */ = {isa = PBXFileReference; lastKnownFileType = sourcecode.swift; path = DeadLineVC.swift; sourceTree = "<group>"; };
		B96E0EA62193D6020097AB34 /* TaskDescriptionVC.swift */ = {isa = PBXFileReference; lastKnownFileType = sourcecode.swift; path = TaskDescriptionVC.swift; sourceTree = "<group>"; };
		B96E0EA82193D61C0097AB34 /* TagsVC.swift */ = {isa = PBXFileReference; lastKnownFileType = sourcecode.swift; path = TagsVC.swift; sourceTree = "<group>"; };
		B96E0EAA2193D6650097AB34 /* DeadLineReporting.swift */ = {isa = PBXFileReference; lastKnownFileType = sourcecode.swift; path = DeadLineReporting.swift; sourceTree = "<group>"; };
		B96E0EAE2193D6BA0097AB34 /* TagsReporting.swift */ = {isa = PBXFileReference; lastKnownFileType = sourcecode.swift; path = TagsReporting.swift; sourceTree = "<group>"; };
		B96E0EB02193D6D00097AB34 /* DeadLineReceiving.swift */ = {isa = PBXFileReference; lastKnownFileType = sourcecode.swift; path = DeadLineReceiving.swift; sourceTree = "<group>"; };
		B96E0EB22193D6E50097AB34 /* TaskDescriptionReceiving.swift */ = {isa = PBXFileReference; lastKnownFileType = sourcecode.swift; path = TaskDescriptionReceiving.swift; sourceTree = "<group>"; };
		B96E0EB42193D6F60097AB34 /* TagInfosReceiving.swift */ = {isa = PBXFileReference; lastKnownFileType = sourcecode.swift; path = TagInfosReceiving.swift; sourceTree = "<group>"; };
		B96E0EB82193D7920097AB34 /* TaskDescriptionReporting.swift */ = {isa = PBXFileReference; lastKnownFileType = sourcecode.swift; name = TaskDescriptionReporting.swift; path = ../TaskDescriptionReporting.swift; sourceTree = "<group>"; };
		B96E0EBB2193D7FB0097AB34 /* StaticInfoGathering.swift */ = {isa = PBXFileReference; lastKnownFileType = sourcecode.swift; path = StaticInfoGathering.swift; sourceTree = "<group>"; };
		B96E0EBD2193D80A0097AB34 /* TaskStaticInfo.swift */ = {isa = PBXFileReference; lastKnownFileType = sourcecode.swift; path = TaskStaticInfo.swift; sourceTree = "<group>"; };
		B96E0EBF2193D82C0097AB34 /* TaskStaticInfoGatherer.swift */ = {isa = PBXFileReference; lastKnownFileType = sourcecode.swift; path = TaskStaticInfoGatherer.swift; sourceTree = "<group>"; };
		B96E0EC22193D8820097AB34 /* TaskStaticInfoGetable.swift */ = {isa = PBXFileReference; lastKnownFileType = sourcecode.swift; path = TaskStaticInfoGetable.swift; sourceTree = "<group>"; };
		B96E0EC42193DC470097AB34 /* TagModelFacade.swift */ = {isa = PBXFileReference; lastKnownFileType = sourcecode.swift; path = TagModelFacade.swift; sourceTree = "<group>"; };
		B96E0ED72193EB8A0097AB34 /* PersistanceService.swift */ = {isa = PBXFileReference; lastKnownFileType = sourcecode.swift; path = PersistanceService.swift; sourceTree = "<group>"; };
		B997F63921A500BF00750092 /* TaskStateChangesReceiving.swift */ = {isa = PBXFileReference; lastKnownFileType = sourcecode.swift; path = TaskStateChangesReceiving.swift; sourceTree = "<group>"; };
		B997F63B21A654E400750092 /* AlarmReceiving.swift */ = {isa = PBXFileReference; lastKnownFileType = sourcecode.swift; path = AlarmReceiving.swift; sourceTree = "<group>"; };
		B997F67121AF276E00750092 /* TagsCollectionVC.swift */ = {isa = PBXFileReference; lastKnownFileType = sourcecode.swift; path = TagsCollectionVC.swift; sourceTree = "<group>"; };
		B997F67321AF27DC00750092 /*  TagCell.swift */ = {isa = PBXFileReference; lastKnownFileType = sourcecode.swift; path = " TagCell.swift"; sourceTree = "<group>"; };
		B9A8B11321953C540085FCA0 /* TaskListVC.swift */ = {isa = PBXFileReference; lastKnownFileType = sourcecode.swift; path = TaskListVC.swift; sourceTree = "<group>"; };
		B9A8B11521953E300085FCA0 /* TaskKiller 2.xcdatamodel */ = {isa = PBXFileReference; lastKnownFileType = wrapper.xcdatamodel; path = "TaskKiller 2.xcdatamodel"; sourceTree = "<group>"; };
		B9A8B1162196C3BF0085FCA0 /* TaskCell.swift */ = {isa = PBXFileReference; lastKnownFileType = sourcecode.swift; path = TaskCell.swift; sourceTree = "<group>"; };
		B9A8B1182196C75C0085FCA0 /* TaskStaticInfoSetable.swift */ = {isa = PBXFileReference; lastKnownFileType = sourcecode.swift; path = TaskStaticInfoSetable.swift; sourceTree = "<group>"; };
		B9A8B11A2196C7840085FCA0 /* TaskProgressTimesGetable.swift */ = {isa = PBXFileReference; lastKnownFileType = sourcecode.swift; path = TaskProgressTimesGetable.swift; sourceTree = "<group>"; };
		B9A8B11C2196C7A40085FCA0 /* TaskProgressTimesSetable.swift */ = {isa = PBXFileReference; lastKnownFileType = sourcecode.swift; path = TaskProgressTimesSetable.swift; sourceTree = "<group>"; };
		B9A8B11E2196C7D10085FCA0 /* TaskProgressTimes.swift */ = {isa = PBXFileReference; lastKnownFileType = sourcecode.swift; path = TaskProgressTimes.swift; sourceTree = "<group>"; };
		B9A8B1202196CFBF0085FCA0 /* TimeIntervalFormatter.swift */ = {isa = PBXFileReference; lastKnownFileType = sourcecode.swift; path = TimeIntervalFormatter.swift; sourceTree = "<group>"; };
		B9A8B1222196D0230085FCA0 /* TimeIntervalFormatting.swift */ = {isa = PBXFileReference; lastKnownFileType = sourcecode.swift; path = TimeIntervalFormatting.swift; sourceTree = "<group>"; };
		B9A8B1242196E2820085FCA0 /* TaskStaticInfoUpdating.swift */ = {isa = PBXFileReference; lastKnownFileType = sourcecode.swift; path = TaskStaticInfoUpdating.swift; sourceTree = "<group>"; };
		B9A8B1262196E2EB0085FCA0 /* TaskStaticInfoUpdater.swift */ = {isa = PBXFileReference; lastKnownFileType = sourcecode.swift; path = TaskStaticInfoUpdater.swift; sourceTree = "<group>"; };
		B9A8B1282196E5890085FCA0 /* TagsStore.swift */ = {isa = PBXFileReference; lastKnownFileType = sourcecode.swift; path = TagsStore.swift; sourceTree = "<group>"; };
		B9A8B12C2196FDCB0085FCA0 /* TaskKiller 3.xcdatamodel */ = {isa = PBXFileReference; lastKnownFileType = wrapper.xcdatamodel; path = "TaskKiller 3.xcdatamodel"; sourceTree = "<group>"; };
		B9A8B12D2196FEA60085FCA0 /* TaskKiller 4.xcdatamodel */ = {isa = PBXFileReference; lastKnownFileType = wrapper.xcdatamodel; path = "TaskKiller 4.xcdatamodel"; sourceTree = "<group>"; };
		B9A8B12E2196FF140085FCA0 /* TaskProgressTimesUpdating.swift */ = {isa = PBXFileReference; lastKnownFileType = sourcecode.swift; path = TaskProgressTimesUpdating.swift; sourceTree = "<group>"; };
		B9A8B1302196FF530085FCA0 /* TaskProgressTimesUpdater.swift */ = {isa = PBXFileReference; lastKnownFileType = sourcecode.swift; path = TaskProgressTimesUpdater.swift; sourceTree = "<group>"; };
		B9A8B13221970A4E0085FCA0 /* TaskKiller 5.xcdatamodel */ = {isa = PBXFileReference; lastKnownFileType = wrapper.xcdatamodel; path = "TaskKiller 5.xcdatamodel"; sourceTree = "<group>"; };
		B9A8B13321970AB80085FCA0 /* TaskKiller 6.xcdatamodel */ = {isa = PBXFileReference; lastKnownFileType = wrapper.xcdatamodel; path = "TaskKiller 6.xcdatamodel"; sourceTree = "<group>"; };
		B9A8B13D21983DFF0085FCA0 /* TaskKiller 7.xcdatamodel */ = {isa = PBXFileReference; lastKnownFileType = wrapper.xcdatamodel; path = "TaskKiller 7.xcdatamodel"; sourceTree = "<group>"; };
		B9A8B142219843980085FCA0 /* TaskVC.swift */ = {isa = PBXFileReference; lastKnownFileType = sourcecode.swift; path = TaskVC.swift; sourceTree = "<group>"; };
		B9A8B14721984C6F0085FCA0 /* ITaskProgressTrackingVC.swift */ = {isa = PBXFileReference; lastKnownFileType = sourcecode.swift; path = ITaskProgressTrackingVC.swift; sourceTree = "<group>"; };
		B9A8B14921991D410085FCA0 /* TaskStaticInfoLabels.swift */ = {isa = PBXFileReference; lastKnownFileType = sourcecode.swift; path = TaskStaticInfoLabels.swift; sourceTree = "<group>"; };
		B9A8B14B21991FB20085FCA0 /* UILableExtension.swift */ = {isa = PBXFileReference; lastKnownFileType = sourcecode.swift; path = UILableExtension.swift; sourceTree = "<group>"; };
		B9A8B14D219929E50085FCA0 /* ITaskModelFacade.swift */ = {isa = PBXFileReference; lastKnownFileType = sourcecode.swift; path = ITaskModelFacade.swift; sourceTree = "<group>"; };
		B9A8B14F21992C260085FCA0 /* TaskModelFacadeFactory.swift */ = {isa = PBXFileReference; lastKnownFileType = sourcecode.swift; path = TaskModelFacadeFactory.swift; sourceTree = "<group>"; };
		B9A8B15121992D270085FCA0 /* ITaskModelFacadeFactory.swift */ = {isa = PBXFileReference; lastKnownFileType = sourcecode.swift; path = ITaskModelFacadeFactory.swift; sourceTree = "<group>"; };
		B9A8B15321992ECD0085FCA0 /* TaskModelFacade.swift */ = {isa = PBXFileReference; lastKnownFileType = sourcecode.swift; path = TaskModelFacade.swift; sourceTree = "<group>"; };
		B9A8B1552199326C0085FCA0 /* TaskModelHandling.swift */ = {isa = PBXFileReference; lastKnownFileType = sourcecode.swift; path = TaskModelHandling.swift; sourceTree = "<group>"; };
		B9A8B1592199359B0085FCA0 /* TaskKiller 8.xcdatamodel */ = {isa = PBXFileReference; lastKnownFileType = wrapper.xcdatamodel; path = "TaskKiller 8.xcdatamodel"; sourceTree = "<group>"; };
		B9A8B15A219936070085FCA0 /* TaskKiller 9.xcdatamodel */ = {isa = PBXFileReference; lastKnownFileType = wrapper.xcdatamodel; path = "TaskKiller 9.xcdatamodel"; sourceTree = "<group>"; };
		B9A8B15B219936310085FCA0 /* TaskKiller 10.xcdatamodel */ = {isa = PBXFileReference; lastKnownFileType = wrapper.xcdatamodel; path = "TaskKiller 10.xcdatamodel"; sourceTree = "<group>"; };
		B9A8B15C219A74B90085FCA0 /* TaskProgressTrackingModelHandler.swift */ = {isa = PBXFileReference; lastKnownFileType = sourcecode.swift; path = TaskProgressTrackingModelHandler.swift; sourceTree = "<group>"; };
		B9A8B15E219A826F0085FCA0 /* TaskStateRepresentable.swift */ = {isa = PBXFileReference; lastKnownFileType = sourcecode.swift; path = TaskStateRepresentable.swift; sourceTree = "<group>"; };
		B9A8B160219A83740085FCA0 /* TaskStateRepresentableViews.swift */ = {isa = PBXFileReference; lastKnownFileType = sourcecode.swift; path = TaskStateRepresentableViews.swift; sourceTree = "<group>"; };
		B9A8B162219A84310085FCA0 /* StateRepresenting.swift */ = {isa = PBXFileReference; lastKnownFileType = sourcecode.swift; path = StateRepresenting.swift; sourceTree = "<group>"; };
		B9A8B164219A84C40085FCA0 /* StateRepresentor.swift */ = {isa = PBXFileReference; lastKnownFileType = sourcecode.swift; path = StateRepresentor.swift; sourceTree = "<group>"; };
		B9A8B167219BBCC30085FCA0 /* TimeCounting.swift */ = {isa = PBXFileReference; lastKnownFileType = sourcecode.swift; path = TimeCounting.swift; sourceTree = "<group>"; };
		B9A8B169219BBDC10085FCA0 /* TimeIncrementsReceiving.swift */ = {isa = PBXFileReference; lastKnownFileType = sourcecode.swift; path = TimeIncrementsReceiving.swift; sourceTree = "<group>"; };
		B9A8B16C219BBED20085FCA0 /* TimeCounter.swift */ = {isa = PBXFileReference; lastKnownFileType = sourcecode.swift; path = TimeCounter.swift; sourceTree = "<group>"; };
		B9A8B16E219BC9F60085FCA0 /* TaskStateable.swift */ = {isa = PBXFileReference; lastKnownFileType = sourcecode.swift; path = TaskStateable.swift; sourceTree = "<group>"; };
		B9A8B171219BCF060085FCA0 /* TaskProgressPeriod.swift */ = {isa = PBXFileReference; lastKnownFileType = sourcecode.swift; path = TaskProgressPeriod.swift; sourceTree = "<group>"; };
		B9A8B173219BD3220085FCA0 /* TaskState.swift */ = {isa = PBXFileReference; lastKnownFileType = sourcecode.swift; path = TaskState.swift; sourceTree = "<group>"; };
		B9A8B175219BD77A0085FCA0 /* States.swift */ = {isa = PBXFileReference; lastKnownFileType = sourcecode.swift; path = States.swift; sourceTree = "<group>"; };
		B9A8B177219D18AB0085FCA0 /* Alarming.swift */ = {isa = PBXFileReference; lastKnownFileType = sourcecode.swift; path = Alarming.swift; sourceTree = "<group>"; };
		B9A8B17D219D206F0085FCA0 /* AlarmClock.swift */ = {isa = PBXFileReference; lastKnownFileType = sourcecode.swift; path = AlarmClock.swift; sourceTree = "<group>"; };
		B9A8B183219E68D90085FCA0 /* TaskProgressTimesLabels.swift */ = {isa = PBXFileReference; lastKnownFileType = sourcecode.swift; path = TaskProgressTimesLabels.swift; sourceTree = "<group>"; };
		B9A8B18521A1C1AA0085FCA0 /* PostponeTimeReceiving.swift */ = {isa = PBXFileReference; lastKnownFileType = sourcecode.swift; path = PostponeTimeReceiving.swift; sourceTree = "<group>"; };
		B9A8B18721A1C5C00085FCA0 /* IDeadlinePostponingVCFactory.swift */ = {isa = PBXFileReference; lastKnownFileType = sourcecode.swift; path = IDeadlinePostponingVCFactory.swift; sourceTree = "<group>"; };
		B9A8B18A21A1C7FC0085FCA0 /* DeadlinePostponingVC.swift */ = {isa = PBXFileReference; lastKnownFileType = sourcecode.swift; path = DeadlinePostponingVC.swift; sourceTree = "<group>"; };
		B9A8B18C21A1E0E50085FCA0 /* TaskProgressSaving.swift */ = {isa = PBXFileReference; lastKnownFileType = sourcecode.swift; path = TaskProgressSaving.swift; sourceTree = "<group>"; };
		B9A8B18E21A1E5AC0085FCA0 /* TaskProgressInfo.swift */ = {isa = PBXFileReference; lastKnownFileType = sourcecode.swift; path = TaskProgressInfo.swift; sourceTree = "<group>"; };
		B9A8B19121A1E61E0085FCA0 /* TaskProgressInfoGetable.swift */ = {isa = PBXFileReference; lastKnownFileType = sourcecode.swift; path = TaskProgressInfoGetable.swift; sourceTree = "<group>"; };
		B9A8B19721A2D2F50085FCA0 /* TaskInfoGetableModelHandler.swift */ = {isa = PBXFileReference; lastKnownFileType = sourcecode.swift; path = TaskInfoGetableModelHandler.swift; sourceTree = "<group>"; };
		B9A8B19A21A2D6C90085FCA0 /* ITaskProgressTrackingModelHandler.swift */ = {isa = PBXFileReference; lastKnownFileType = sourcecode.swift; path = ITaskProgressTrackingModelHandler.swift; sourceTree = "<group>"; };
		B9A8B19C21A2D70D0085FCA0 /* ITaskInfoGetableModelHandler.swift */ = {isa = PBXFileReference; lastKnownFileType = sourcecode.swift; path = ITaskInfoGetableModelHandler.swift; sourceTree = "<group>"; };
		B9A8B19E21A2ED890085FCA0 /* ITaskState.swift */ = {isa = PBXFileReference; lastKnownFileType = sourcecode.swift; path = ITaskState.swift; sourceTree = "<group>"; };
/* End PBXFileReference section */

/* Begin PBXFrameworksBuildPhase section */
		B96E0E7A219347E50097AB34 /* Frameworks */ = {
			isa = PBXFrameworksBuildPhase;
			buildActionMask = 2147483647;
			files = (
			);
			runOnlyForDeploymentPostprocessing = 0;
		};
		B96E0E91219347E60097AB34 /* Frameworks */ = {
			isa = PBXFrameworksBuildPhase;
			buildActionMask = 2147483647;
			files = (
			);
			runOnlyForDeploymentPostprocessing = 0;
		};
/* End PBXFrameworksBuildPhase section */

/* Begin PBXGroup section */
		0407E0A721C4BA6200704082 /* Protocols */ = {
			isa = PBXGroup;
			children = (
				044723BF21C21B1F00F0214F /* TagInfoSetable.swift */,
				044723B921C219F600F0214F /* HideableShowable.swift */,
				0407E0A321C4BA1800704082 /* DeleteButtonActionReceiving.swift */,
				0407E0A521C4BA4400704082 /* ColorButtonActionReceiving.swift */,
				B96E0EAE2193D6BA0097AB34 /* TagsReporting.swift */,
			);
			path = Protocols;
			sourceTree = "<group>";
		};
		0407E0A921C4EB5700704082 /* TagEditControlPanel */ = {
			isa = PBXGroup;
			children = (
				0407E0AA21C4EFA100704082 /* EditTagControlPanelVC.swift */,
				047C4B2F21C67AC20009ED40 /* TagInfoReporting.swift */,
				047C4B3121C685AB0009ED40 /* TagInfoReceiving.swift */,
				047C4B3521C690520009ED40 /* ColorPaneVC */,
			);
			path = TagEditControlPanel;
			sourceTree = "<group>";
		};
		044723B621C2156900F0214F /* TagView */ = {
			isa = PBXGroup;
			children = (
				044723B721C219AF00F0214F /* TagView.swift */,
				044723BB21C21A7100F0214F /* ColorChangeButton.swift */,
				044723BD21C21A9800F0214F /* DeleteButton.swift */,
			);
			path = TagView;
			sourceTree = "<group>";
		};
		047C4B3521C690520009ED40 /* ColorPaneVC */ = {
			isa = PBXGroup;
			children = (
				047C4B3321C68FD80009ED40 /* ColorPaneVC.swift */,
				047C4B3821C694270009ED40 /* ColorPaneBackgroundView.swift */,
				047C4B3621C690DB0009ED40 /* ColorSelectionRepresentingButton.swift */,
			);
			path = ColorPaneVC;
			sourceTree = "<group>";
		};
		B96E0E74219347E50097AB34 = {
			isa = PBXGroup;
			children = (
				044723C221C21DB200F0214F /* PeriodModel+CoreDataClass.swift */,
				044723C321C21DB200F0214F /* PeriodModel+CoreDataProperties.swift */,
				044723C421C21DB200F0214F /* TagModel+CoreDataClass.swift */,
				044723C521C21DB200F0214F /* TagModel+CoreDataProperties.swift */,
				044723C621C21DB200F0214F /* TaskModel+CoreDataClass.swift */,
				044723C721C21DB200F0214F /* TaskModel+CoreDataProperties.swift */,
				B96E0ED72193EB8A0097AB34 /* PersistanceService.swift */,
				B96E0E80219347E50097AB34 /* AppDelegate.swift */,
				B96E0E7F219347E50097AB34 /* TaskKiller */,
				B96E0E97219347E60097AB34 /* TaskKillerTests */,
				B96E0E7E219347E50097AB34 /* Products */,
			);
			sourceTree = "<group>";
		};
		B96E0E7E219347E50097AB34 /* Products */ = {
			isa = PBXGroup;
			children = (
				B96E0E7D219347E50097AB34 /* TaskKiller.app */,
				B96E0E94219347E60097AB34 /* TaskKillerTests.xctest */,
			);
			name = Products;
			sourceTree = "<group>";
		};
		B96E0E7F219347E50097AB34 /* TaskKiller */ = {
			isa = PBXGroup;
			children = (
				B9A8B14B21991FB20085FCA0 /* UILableExtension.swift */,
				B9A8B141219842810085FCA0 /* Tag */,
				B9A8B13E219841FC0085FCA0 /* TaskStaticInfo */,
				B9A8B13F219842160085FCA0 /* TaskProgressTime */,
				B9A8B170219BCED90085FCA0 /* TaskProgressPeriod */,
				B9A8B19021A1E5B50085FCA0 /* ProgressInfo */,
				B9A8B140219842600085FCA0 /* TimeIntervalFormatter */,
				B96E0EC62193E7740097AB34 /* ModelHandler */,
				B9A8B11221953A5B0085FCA0 /* TaskListVC */,
				B96E0EA32193D5900097AB34 /* CreateTaskVC */,
				B9A8B14621984A740085FCA0 /* TaskVC */,
				B96E0E84219347E50097AB34 /* Main.storyboard */,
				B96E0E8A219347E60097AB34 /* Assets.xcassets */,
				B96E0E8C219347E60097AB34 /* LaunchScreen.storyboard */,
				B96E0E8F219347E60097AB34 /* Info.plist */,
				B96E0E87219347E50097AB34 /* TaskKiller.xcdatamodeld */,
			);
			path = TaskKiller;
			sourceTree = "<group>";
		};
		B96E0E97219347E60097AB34 /* TaskKillerTests */ = {
			isa = PBXGroup;
			children = (
				B96E0E98219347E60097AB34 /* TaskKillerTests.swift */,
				B96E0E9A219347E60097AB34 /* Info.plist */,
			);
			path = TaskKillerTests;
			sourceTree = "<group>";
		};
		B96E0EA32193D5900097AB34 /* CreateTaskVC */ = {
			isa = PBXGroup;
			children = (
				B96E0E82219347E50097AB34 /* CreateTaskVC.swift */,
				0407E0A921C4EB5700704082 /* TagEditControlPanel */,
				B96E0EB62193D7430097AB34 /* DeadLineVC */,
				B96E0EBA2193D7C70097AB34 /* TagsVC */,
				B96E0EB72193D75E0097AB34 /* TaskDescriptionVC */,
				B96E0EC12193D8360097AB34 /* StaticInfoConstructer */,
			);
			path = CreateTaskVC;
			sourceTree = "<group>";
		};
		B96E0EB62193D7430097AB34 /* DeadLineVC */ = {
			isa = PBXGroup;
			children = (
				B96E0EAA2193D6650097AB34 /* DeadLineReporting.swift */,
				B96E0EA42193D5E20097AB34 /* DeadLineVC.swift */,
			);
			path = DeadLineVC;
			sourceTree = "<group>";
		};
		B96E0EB72193D75E0097AB34 /* TaskDescriptionVC */ = {
			isa = PBXGroup;
			children = (
				B96E0EB82193D7920097AB34 /* TaskDescriptionReporting.swift */,
				B96E0EA62193D6020097AB34 /* TaskDescriptionVC.swift */,
			);
			path = TaskDescriptionVC;
			sourceTree = "<group>";
		};
		B96E0EBA2193D7C70097AB34 /* TagsVC */ = {
			isa = PBXGroup;
			children = (
				B96E0EA82193D61C0097AB34 /* TagsVC.swift */,
				0407E0A721C4BA6200704082 /* Protocols */,
				044723B621C2156900F0214F /* TagView */,
			);
			path = TagsVC;
			sourceTree = "<group>";
		};
		B96E0EC12193D8360097AB34 /* StaticInfoConstructer */ = {
			isa = PBXGroup;
			children = (
				B96E0EBB2193D7FB0097AB34 /* StaticInfoGathering.swift */,
				B96E0EB22193D6E50097AB34 /* TaskDescriptionReceiving.swift */,
				B96E0EB02193D6D00097AB34 /* DeadLineReceiving.swift */,
				B96E0EB42193D6F60097AB34 /* TagInfosReceiving.swift */,
				B96E0EBF2193D82C0097AB34 /* TaskStaticInfoGatherer.swift */,
			);
			path = StaticInfoConstructer;
			sourceTree = "<group>";
		};
		B96E0EC62193E7740097AB34 /* ModelHandler */ = {
			isa = PBXGroup;
			children = (
				B9A8B14F21992C260085FCA0 /* TaskModelFacadeFactory.swift */,
				B9A8B15321992ECD0085FCA0 /* TaskModelFacade.swift */,
				B9A8B18C21A1E0E50085FCA0 /* TaskProgressSaving.swift */,
				B9A8B19721A2D2F50085FCA0 /* TaskInfoGetableModelHandler.swift */,
				B9A8B15C219A74B90085FCA0 /* TaskProgressTrackingModelHandler.swift */,
				B9A8B19921A2D6800085FCA0 /* ModelHandlerInterfaces */,
			);
			path = ModelHandler;
			sourceTree = "<group>";
		};
		B997F63D21A6660E00750092 /* TaskStaticInfo */ = {
			isa = PBXGroup;
			children = (
				B9A8B14921991D410085FCA0 /* TaskStaticInfoLabels.swift */,
			);
			path = TaskStaticInfo;
			sourceTree = "<group>";
		};
		B997F63E21A6662D00750092 /* TaskProgressTimes */ = {
			isa = PBXGroup;
			children = (
				B9A8B183219E68D90085FCA0 /* TaskProgressTimesLabels.swift */,
			);
			path = TaskProgressTimes;
			sourceTree = "<group>";
		};
		B997F67021AF270C00750092 /* TagCollectioView */ = {
			isa = PBXGroup;
			children = (
				B997F67121AF276E00750092 /* TagsCollectionVC.swift */,
				B997F67321AF27DC00750092 /*  TagCell.swift */,
			);
			path = TagCollectioView;
			sourceTree = "<group>";
		};
		B9A8B11221953A5B0085FCA0 /* TaskListVC */ = {
			isa = PBXGroup;
			children = (
				B9A8B11321953C540085FCA0 /* TaskListVC.swift */,
				B9A8B1162196C3BF0085FCA0 /* TaskCell.swift */,
			);
			path = TaskListVC;
			sourceTree = "<group>";
		};
		B9A8B13E219841FC0085FCA0 /* TaskStaticInfo */ = {
			isa = PBXGroup;
			children = (
				B96E0EBD2193D80A0097AB34 /* TaskStaticInfo.swift */,
				B96E0EC22193D8820097AB34 /* TaskStaticInfoGetable.swift */,
				B9A8B1182196C75C0085FCA0 /* TaskStaticInfoSetable.swift */,
				B9A8B1242196E2820085FCA0 /* TaskStaticInfoUpdating.swift */,
				B9A8B1262196E2EB0085FCA0 /* TaskStaticInfoUpdater.swift */,
			);
			path = TaskStaticInfo;
			sourceTree = "<group>";
		};
		B9A8B13F219842160085FCA0 /* TaskProgressTime */ = {
			isa = PBXGroup;
			children = (
				B9A8B11E2196C7D10085FCA0 /* TaskProgressTimes.swift */,
				B9A8B11A2196C7840085FCA0 /* TaskProgressTimesGetable.swift */,
				B9A8B11C2196C7A40085FCA0 /* TaskProgressTimesSetable.swift */,
				B9A8B12E2196FF140085FCA0 /* TaskProgressTimesUpdating.swift */,
				B9A8B1302196FF530085FCA0 /* TaskProgressTimesUpdater.swift */,
			);
			path = TaskProgressTime;
			sourceTree = "<group>";
		};
		B9A8B140219842600085FCA0 /* TimeIntervalFormatter */ = {
			isa = PBXGroup;
			children = (
				B9A8B1222196D0230085FCA0 /* TimeIntervalFormatting.swift */,
				B9A8B1202196CFBF0085FCA0 /* TimeIntervalFormatter.swift */,
			);
			path = TimeIntervalFormatter;
			sourceTree = "<group>";
		};
		B9A8B141219842810085FCA0 /* Tag */ = {
			isa = PBXGroup;
			children = (
				B96E0EC42193DC470097AB34 /* TagModelFacade.swift */,
				B9A8B1282196E5890085FCA0 /* TagsStore.swift */,
			);
			path = Tag;
			sourceTree = "<group>";
		};
		B9A8B14621984A740085FCA0 /* TaskVC */ = {
			isa = PBXGroup;
			children = (
				B9A8B14721984C6F0085FCA0 /* ITaskProgressTrackingVC.swift */,
				B9A8B142219843980085FCA0 /* TaskVC.swift */,
				B997F67021AF270C00750092 /* TagCollectioView */,
				B997F63D21A6660E00750092 /* TaskStaticInfo */,
				B997F63E21A6662D00750092 /* TaskProgressTimes */,
				B9A8B17C219D20230085FCA0 /* State */,
				B9A8B17B219D20130085FCA0 /* Alarm */,
				B9A8B16B219BBE680085FCA0 /* TimeCounter */,
				B9A8B166219A84FE0085FCA0 /* StateRepresentation */,
				B9A8B18921A1C5F00085FCA0 /* DeadLinePostponingVC */,
			);
			path = TaskVC;
			sourceTree = "<group>";
		};
		B9A8B166219A84FE0085FCA0 /* StateRepresentation */ = {
			isa = PBXGroup;
			children = (
				B9A8B15E219A826F0085FCA0 /* TaskStateRepresentable.swift */,
				B9A8B160219A83740085FCA0 /* TaskStateRepresentableViews.swift */,
				B9A8B162219A84310085FCA0 /* StateRepresenting.swift */,
				B9A8B164219A84C40085FCA0 /* StateRepresentor.swift */,
			);
			path = StateRepresentation;
			sourceTree = "<group>";
		};
		B9A8B16B219BBE680085FCA0 /* TimeCounter */ = {
			isa = PBXGroup;
			children = (
				B9A8B167219BBCC30085FCA0 /* TimeCounting.swift */,
				B9A8B169219BBDC10085FCA0 /* TimeIncrementsReceiving.swift */,
				B9A8B16C219BBED20085FCA0 /* TimeCounter.swift */,
			);
			path = TimeCounter;
			sourceTree = "<group>";
		};
		B9A8B170219BCED90085FCA0 /* TaskProgressPeriod */ = {
			isa = PBXGroup;
			children = (
				B9A8B171219BCF060085FCA0 /* TaskProgressPeriod.swift */,
			);
			path = TaskProgressPeriod;
			sourceTree = "<group>";
		};
		B9A8B17B219D20130085FCA0 /* Alarm */ = {
			isa = PBXGroup;
			children = (
				B9A8B177219D18AB0085FCA0 /* Alarming.swift */,
				B997F63B21A654E400750092 /* AlarmReceiving.swift */,
				B9A8B17D219D206F0085FCA0 /* AlarmClock.swift */,
			);
			path = Alarm;
			sourceTree = "<group>";
		};
		B9A8B17C219D20230085FCA0 /* State */ = {
			isa = PBXGroup;
			children = (
				B9A8B173219BD3220085FCA0 /* TaskState.swift */,
				B997F63921A500BF00750092 /* TaskStateChangesReceiving.swift */,
				B9A8B16E219BC9F60085FCA0 /* TaskStateable.swift */,
				B9A8B19E21A2ED890085FCA0 /* ITaskState.swift */,
				B9A8B175219BD77A0085FCA0 /* States.swift */,
			);
			path = State;
			sourceTree = "<group>";
		};
		B9A8B18921A1C5F00085FCA0 /* DeadLinePostponingVC */ = {
			isa = PBXGroup;
			children = (
				B9A8B18521A1C1AA0085FCA0 /* PostponeTimeReceiving.swift */,
				B9A8B18721A1C5C00085FCA0 /* IDeadlinePostponingVCFactory.swift */,
				B9A8B18A21A1C7FC0085FCA0 /* DeadlinePostponingVC.swift */,
			);
			path = DeadLinePostponingVC;
			sourceTree = "<group>";
		};
		B9A8B19021A1E5B50085FCA0 /* ProgressInfo */ = {
			isa = PBXGroup;
			children = (
				B9A8B18E21A1E5AC0085FCA0 /* TaskProgressInfo.swift */,
				B9A8B19121A1E61E0085FCA0 /* TaskProgressInfoGetable.swift */,
			);
			path = ProgressInfo;
			sourceTree = "<group>";
		};
		B9A8B19921A2D6800085FCA0 /* ModelHandlerInterfaces */ = {
			isa = PBXGroup;
			children = (
				B9A8B15121992D270085FCA0 /* ITaskModelFacadeFactory.swift */,
				B9A8B14D219929E50085FCA0 /* ITaskModelFacade.swift */,
				B9A8B1552199326C0085FCA0 /* TaskModelHandling.swift */,
				B9A8B19C21A2D70D0085FCA0 /* ITaskInfoGetableModelHandler.swift */,
				B9A8B19A21A2D6C90085FCA0 /* ITaskProgressTrackingModelHandler.swift */,
			);
			path = ModelHandlerInterfaces;
			sourceTree = "<group>";
		};
/* End PBXGroup section */

/* Begin PBXNativeTarget section */
		B96E0E7C219347E50097AB34 /* TaskKiller */ = {
			isa = PBXNativeTarget;
			buildConfigurationList = B96E0E9D219347E60097AB34 /* Build configuration list for PBXNativeTarget "TaskKiller" */;
			buildPhases = (
				B96E0E79219347E50097AB34 /* Sources */,
				B96E0E7A219347E50097AB34 /* Frameworks */,
				B96E0E7B219347E50097AB34 /* Resources */,
			);
			buildRules = (
			);
			dependencies = (
			);
			name = TaskKiller;
			productName = TaskKiller;
			productReference = B96E0E7D219347E50097AB34 /* TaskKiller.app */;
			productType = "com.apple.product-type.application";
		};
		B96E0E93219347E60097AB34 /* TaskKillerTests */ = {
			isa = PBXNativeTarget;
			buildConfigurationList = B96E0EA0219347E60097AB34 /* Build configuration list for PBXNativeTarget "TaskKillerTests" */;
			buildPhases = (
				B96E0E90219347E60097AB34 /* Sources */,
				B96E0E91219347E60097AB34 /* Frameworks */,
				B96E0E92219347E60097AB34 /* Resources */,
			);
			buildRules = (
			);
			dependencies = (
				B96E0E96219347E60097AB34 /* PBXTargetDependency */,
			);
			name = TaskKillerTests;
			productName = TaskKillerTests;
			productReference = B96E0E94219347E60097AB34 /* TaskKillerTests.xctest */;
			productType = "com.apple.product-type.bundle.unit-test";
		};
/* End PBXNativeTarget section */

/* Begin PBXProject section */
		B96E0E75219347E50097AB34 /* Project object */ = {
			isa = PBXProject;
			attributes = {
				LastSwiftUpdateCheck = 1010;
				LastUpgradeCheck = 1010;
				ORGANIZATIONNAME = "Oleg Tokmachov";
				TargetAttributes = {
					B96E0E7C219347E50097AB34 = {
						CreatedOnToolsVersion = 10.1;
					};
					B96E0E93219347E60097AB34 = {
						CreatedOnToolsVersion = 10.1;
						TestTargetID = B96E0E7C219347E50097AB34;
					};
				};
			};
			buildConfigurationList = B96E0E78219347E50097AB34 /* Build configuration list for PBXProject "TaskKiller" */;
			compatibilityVersion = "Xcode 9.3";
			developmentRegion = en;
			hasScannedForEncodings = 0;
			knownRegions = (
				en,
				Base,
			);
			mainGroup = B96E0E74219347E50097AB34;
			productRefGroup = B96E0E7E219347E50097AB34 /* Products */;
			projectDirPath = "";
			projectRoot = "";
			targets = (
				B96E0E7C219347E50097AB34 /* TaskKiller */,
				B96E0E93219347E60097AB34 /* TaskKillerTests */,
			);
		};
/* End PBXProject section */

/* Begin PBXResourcesBuildPhase section */
		B96E0E7B219347E50097AB34 /* Resources */ = {
			isa = PBXResourcesBuildPhase;
			buildActionMask = 2147483647;
			files = (
				B96E0E8E219347E60097AB34 /* LaunchScreen.storyboard in Resources */,
				B96E0E8B219347E60097AB34 /* Assets.xcassets in Resources */,
				B96E0E86219347E50097AB34 /* Main.storyboard in Resources */,
			);
			runOnlyForDeploymentPostprocessing = 0;
		};
		B96E0E92219347E60097AB34 /* Resources */ = {
			isa = PBXResourcesBuildPhase;
			buildActionMask = 2147483647;
			files = (
			);
			runOnlyForDeploymentPostprocessing = 0;
		};
/* End PBXResourcesBuildPhase section */

/* Begin PBXSourcesBuildPhase section */
		B96E0E79219347E50097AB34 /* Sources */ = {
			isa = PBXSourcesBuildPhase;
			buildActionMask = 2147483647;
			files = (
				044723C821C21DB200F0214F /* PeriodModel+CoreDataClass.swift in Sources */,
				B96E0EC52193DC470097AB34 /* TagModelFacade.swift in Sources */,
				B9A8B163219A84310085FCA0 /* StateRepresenting.swift in Sources */,
				0407E0A421C4BA1800704082 /* DeleteButtonActionReceiving.swift in Sources */,
				B9A8B18D21A1E0E50085FCA0 /* TaskProgressSaving.swift in Sources */,
				047C4B3221C685AB0009ED40 /* TagInfoReceiving.swift in Sources */,
				B997F63A21A500BF00750092 /* TaskStateChangesReceiving.swift in Sources */,
				B96E0E89219347E50097AB34 /* TaskKiller.xcdatamodeld in Sources */,
				B997F63C21A654E400750092 /* AlarmReceiving.swift in Sources */,
				B9A8B18F21A1E5AC0085FCA0 /* TaskProgressInfo.swift in Sources */,
				B96E0E83219347E50097AB34 /* CreateTaskVC.swift in Sources */,
				B9A8B143219843980085FCA0 /* TaskVC.swift in Sources */,
				B9A8B11B2196C7840085FCA0 /* TaskProgressTimesGetable.swift in Sources */,
				B96E0EAB2193D6650097AB34 /* DeadLineReporting.swift in Sources */,
				B9A8B16F219BC9F60085FCA0 /* TaskStateable.swift in Sources */,
				047C4B3721C690DB0009ED40 /* ColorSelectionRepresentingButton.swift in Sources */,
				B9A8B1312196FF530085FCA0 /* TaskProgressTimesUpdater.swift in Sources */,
				044723CD21C21DB200F0214F /* TaskModel+CoreDataProperties.swift in Sources */,
				B96E0EB92193D7920097AB34 /* TaskDescriptionReporting.swift in Sources */,
				B9A8B18621A1C1AA0085FCA0 /* PostponeTimeReceiving.swift in Sources */,
				B9A8B1212196CFBF0085FCA0 /* TimeIntervalFormatter.swift in Sources */,
				0407E0AB21C4EFA100704082 /* EditTagControlPanelVC.swift in Sources */,
				B96E0ED82193EB8A0097AB34 /* PersistanceService.swift in Sources */,
				0407E0A621C4BA4400704082 /* ColorButtonActionReceiving.swift in Sources */,
				B997F67421AF27DC00750092 /*  TagCell.swift in Sources */,
				B9A8B168219BBCC30085FCA0 /* TimeCounting.swift in Sources */,
				044723CB21C21DB200F0214F /* TagModel+CoreDataProperties.swift in Sources */,
				044723B821C219AF00F0214F /* TagView.swift in Sources */,
				047C4B3421C68FD80009ED40 /* ColorPaneVC.swift in Sources */,
				B96E0EA72193D6020097AB34 /* TaskDescriptionVC.swift in Sources */,
				047C4B3021C67AC30009ED40 /* TagInfoReporting.swift in Sources */,
				B9A8B11F2196C7D10085FCA0 /* TaskProgressTimes.swift in Sources */,
				044723CA21C21DB200F0214F /* TagModel+CoreDataClass.swift in Sources */,
				B9A8B11421953C540085FCA0 /* TaskListVC.swift in Sources */,
				B9A8B1292196E5890085FCA0 /* TagsStore.swift in Sources */,
				044723BA21C219F600F0214F /* HideableShowable.swift in Sources */,
				044723BC21C21A7100F0214F /* ColorChangeButton.swift in Sources */,
				B9A8B1192196C75C0085FCA0 /* TaskStaticInfoSetable.swift in Sources */,
				B997F67221AF276E00750092 /* TagsCollectionVC.swift in Sources */,
				B9A8B1172196C3BF0085FCA0 /* TaskCell.swift in Sources */,
				B9A8B161219A83740085FCA0 /* TaskStateRepresentableViews.swift in Sources */,
				B9A8B18B21A1C7FC0085FCA0 /* DeadlinePostponingVC.swift in Sources */,
				B9A8B1252196E2820085FCA0 /* TaskStaticInfoUpdating.swift in Sources */,
				B9A8B18821A1C5C00085FCA0 /* IDeadlinePostponingVCFactory.swift in Sources */,
				B9A8B1232196D0230085FCA0 /* TimeIntervalFormatting.swift in Sources */,
				B96E0EBE2193D80A0097AB34 /* TaskStaticInfo.swift in Sources */,
				B9A8B176219BD77A0085FCA0 /* States.swift in Sources */,
				B9A8B1272196E2EB0085FCA0 /* TaskStaticInfoUpdater.swift in Sources */,
				B9A8B11D2196C7A40085FCA0 /* TaskProgressTimesSetable.swift in Sources */,
				B96E0EB52193D6F60097AB34 /* TagInfosReceiving.swift in Sources */,
				B9A8B12F2196FF140085FCA0 /* TaskProgressTimesUpdating.swift in Sources */,
				B9A8B19F21A2ED890085FCA0 /* ITaskState.swift in Sources */,
				B9A8B14A21991D410085FCA0 /* TaskStaticInfoLabels.swift in Sources */,
				B9A8B1562199326C0085FCA0 /* TaskModelHandling.swift in Sources */,
				044723C921C21DB200F0214F /* PeriodModel+CoreDataProperties.swift in Sources */,
				B9A8B14E219929E50085FCA0 /* ITaskModelFacade.swift in Sources */,
				B9A8B184219E68D90085FCA0 /* TaskProgressTimesLabels.swift in Sources */,
				B96E0EA52193D5E20097AB34 /* DeadLineVC.swift in Sources */,
				B9A8B15D219A74B90085FCA0 /* TaskProgressTrackingModelHandler.swift in Sources */,
				B9A8B19221A1E61E0085FCA0 /* TaskProgressInfoGetable.swift in Sources */,
				B9A8B15021992C260085FCA0 /* TaskModelFacadeFactory.swift in Sources */,
				B96E0EB12193D6D00097AB34 /* DeadLineReceiving.swift in Sources */,
				B96E0E81219347E50097AB34 /* AppDelegate.swift in Sources */,
				B9A8B172219BCF060085FCA0 /* TaskProgressPeriod.swift in Sources */,
				B9A8B19821A2D2F50085FCA0 /* TaskInfoGetableModelHandler.swift in Sources */,
				B9A8B15F219A826F0085FCA0 /* TaskStateRepresentable.swift in Sources */,
				B9A8B17E219D206F0085FCA0 /* AlarmClock.swift in Sources */,
				B9A8B15221992D270085FCA0 /* ITaskModelFacadeFactory.swift in Sources */,
				B9A8B174219BD3220085FCA0 /* TaskState.swift in Sources */,
				B9A8B14C21991FB20085FCA0 /* UILableExtension.swift in Sources */,
				B9A8B19B21A2D6C90085FCA0 /* ITaskProgressTrackingModelHandler.swift in Sources */,
				044723BE21C21A9800F0214F /* DeleteButton.swift in Sources */,
				B9A8B15421992ECD0085FCA0 /* TaskModelFacade.swift in Sources */,
				B96E0EC32193D8820097AB34 /* TaskStaticInfoGetable.swift in Sources */,
				B9A8B165219A84C50085FCA0 /* StateRepresentor.swift in Sources */,
				B96E0EBC2193D7FB0097AB34 /* StaticInfoGathering.swift in Sources */,
				B9A8B14821984C6F0085FCA0 /* ITaskProgressTrackingVC.swift in Sources */,
				B9A8B178219D18AC0085FCA0 /* Alarming.swift in Sources */,
				047C4B3921C694270009ED40 /* ColorPaneBackgroundView.swift in Sources */,
				B96E0EA92193D61C0097AB34 /* TagsVC.swift in Sources */,
				044723C021C21B1F00F0214F /* TagInfoSetable.swift in Sources */,
				B96E0EAF2193D6BA0097AB34 /* TagsReporting.swift in Sources */,
				044723CC21C21DB200F0214F /* TaskModel+CoreDataClass.swift in Sources */,
				B9A8B16A219BBDC20085FCA0 /* TimeIncrementsReceiving.swift in Sources */,
				B9A8B19D21A2D70D0085FCA0 /* ITaskInfoGetableModelHandler.swift in Sources */,
				B96E0EB32193D6E50097AB34 /* TaskDescriptionReceiving.swift in Sources */,
				B96E0EC02193D82C0097AB34 /* TaskStaticInfoGatherer.swift in Sources */,
				B9A8B16D219BBED20085FCA0 /* TimeCounter.swift in Sources */,
			);
			runOnlyForDeploymentPostprocessing = 0;
		};
		B96E0E90219347E60097AB34 /* Sources */ = {
			isa = PBXSourcesBuildPhase;
			buildActionMask = 2147483647;
			files = (
				B96E0E99219347E60097AB34 /* TaskKillerTests.swift in Sources */,
			);
			runOnlyForDeploymentPostprocessing = 0;
		};
/* End PBXSourcesBuildPhase section */

/* Begin PBXTargetDependency section */
		B96E0E96219347E60097AB34 /* PBXTargetDependency */ = {
			isa = PBXTargetDependency;
			target = B96E0E7C219347E50097AB34 /* TaskKiller */;
			targetProxy = B96E0E95219347E60097AB34 /* PBXContainerItemProxy */;
		};
/* End PBXTargetDependency section */

/* Begin PBXVariantGroup section */
		B96E0E84219347E50097AB34 /* Main.storyboard */ = {
			isa = PBXVariantGroup;
			children = (
				B96E0E85219347E50097AB34 /* Base */,
			);
			name = Main.storyboard;
			sourceTree = "<group>";
		};
		B96E0E8C219347E60097AB34 /* LaunchScreen.storyboard */ = {
			isa = PBXVariantGroup;
			children = (
				B96E0E8D219347E60097AB34 /* Base */,
			);
			name = LaunchScreen.storyboard;
			sourceTree = "<group>";
		};
/* End PBXVariantGroup section */

/* Begin XCBuildConfiguration section */
		B96E0E9B219347E60097AB34 /* Debug */ = {
			isa = XCBuildConfiguration;
			buildSettings = {
				ALWAYS_SEARCH_USER_PATHS = NO;
				CLANG_ANALYZER_NONNULL = YES;
				CLANG_ANALYZER_NUMBER_OBJECT_CONVERSION = YES_AGGRESSIVE;
				CLANG_CXX_LANGUAGE_STANDARD = "gnu++14";
				CLANG_CXX_LIBRARY = "libc++";
				CLANG_ENABLE_MODULES = YES;
				CLANG_ENABLE_OBJC_ARC = YES;
				CLANG_ENABLE_OBJC_WEAK = YES;
				CLANG_WARN_BLOCK_CAPTURE_AUTORELEASING = YES;
				CLANG_WARN_BOOL_CONVERSION = YES;
				CLANG_WARN_COMMA = YES;
				CLANG_WARN_CONSTANT_CONVERSION = YES;
				CLANG_WARN_DEPRECATED_OBJC_IMPLEMENTATIONS = YES;
				CLANG_WARN_DIRECT_OBJC_ISA_USAGE = YES_ERROR;
				CLANG_WARN_DOCUMENTATION_COMMENTS = YES;
				CLANG_WARN_EMPTY_BODY = YES;
				CLANG_WARN_ENUM_CONVERSION = YES;
				CLANG_WARN_INFINITE_RECURSION = YES;
				CLANG_WARN_INT_CONVERSION = YES;
				CLANG_WARN_NON_LITERAL_NULL_CONVERSION = YES;
				CLANG_WARN_OBJC_IMPLICIT_RETAIN_SELF = YES;
				CLANG_WARN_OBJC_LITERAL_CONVERSION = YES;
				CLANG_WARN_OBJC_ROOT_CLASS = YES_ERROR;
				CLANG_WARN_RANGE_LOOP_ANALYSIS = YES;
				CLANG_WARN_STRICT_PROTOTYPES = YES;
				CLANG_WARN_SUSPICIOUS_MOVE = YES;
				CLANG_WARN_UNGUARDED_AVAILABILITY = YES_AGGRESSIVE;
				CLANG_WARN_UNREACHABLE_CODE = YES;
				CLANG_WARN__DUPLICATE_METHOD_MATCH = YES;
				CODE_SIGN_IDENTITY = "iPhone Developer";
				COPY_PHASE_STRIP = NO;
				DEBUG_INFORMATION_FORMAT = dwarf;
				ENABLE_STRICT_OBJC_MSGSEND = YES;
				ENABLE_TESTABILITY = YES;
				GCC_C_LANGUAGE_STANDARD = gnu11;
				GCC_DYNAMIC_NO_PIC = NO;
				GCC_NO_COMMON_BLOCKS = YES;
				GCC_OPTIMIZATION_LEVEL = 0;
				GCC_PREPROCESSOR_DEFINITIONS = (
					"DEBUG=1",
					"$(inherited)",
				);
				GCC_WARN_64_TO_32_BIT_CONVERSION = YES;
				GCC_WARN_ABOUT_RETURN_TYPE = YES_ERROR;
				GCC_WARN_UNDECLARED_SELECTOR = YES;
				GCC_WARN_UNINITIALIZED_AUTOS = YES_AGGRESSIVE;
				GCC_WARN_UNUSED_FUNCTION = YES;
				GCC_WARN_UNUSED_VARIABLE = YES;
				IPHONEOS_DEPLOYMENT_TARGET = 12.1;
				MTL_ENABLE_DEBUG_INFO = INCLUDE_SOURCE;
				MTL_FAST_MATH = YES;
				ONLY_ACTIVE_ARCH = YES;
				SDKROOT = iphoneos;
				SWIFT_ACTIVE_COMPILATION_CONDITIONS = DEBUG;
				SWIFT_OPTIMIZATION_LEVEL = "-Onone";
			};
			name = Debug;
		};
		B96E0E9C219347E60097AB34 /* Release */ = {
			isa = XCBuildConfiguration;
			buildSettings = {
				ALWAYS_SEARCH_USER_PATHS = NO;
				CLANG_ANALYZER_NONNULL = YES;
				CLANG_ANALYZER_NUMBER_OBJECT_CONVERSION = YES_AGGRESSIVE;
				CLANG_CXX_LANGUAGE_STANDARD = "gnu++14";
				CLANG_CXX_LIBRARY = "libc++";
				CLANG_ENABLE_MODULES = YES;
				CLANG_ENABLE_OBJC_ARC = YES;
				CLANG_ENABLE_OBJC_WEAK = YES;
				CLANG_WARN_BLOCK_CAPTURE_AUTORELEASING = YES;
				CLANG_WARN_BOOL_CONVERSION = YES;
				CLANG_WARN_COMMA = YES;
				CLANG_WARN_CONSTANT_CONVERSION = YES;
				CLANG_WARN_DEPRECATED_OBJC_IMPLEMENTATIONS = YES;
				CLANG_WARN_DIRECT_OBJC_ISA_USAGE = YES_ERROR;
				CLANG_WARN_DOCUMENTATION_COMMENTS = YES;
				CLANG_WARN_EMPTY_BODY = YES;
				CLANG_WARN_ENUM_CONVERSION = YES;
				CLANG_WARN_INFINITE_RECURSION = YES;
				CLANG_WARN_INT_CONVERSION = YES;
				CLANG_WARN_NON_LITERAL_NULL_CONVERSION = YES;
				CLANG_WARN_OBJC_IMPLICIT_RETAIN_SELF = YES;
				CLANG_WARN_OBJC_LITERAL_CONVERSION = YES;
				CLANG_WARN_OBJC_ROOT_CLASS = YES_ERROR;
				CLANG_WARN_RANGE_LOOP_ANALYSIS = YES;
				CLANG_WARN_STRICT_PROTOTYPES = YES;
				CLANG_WARN_SUSPICIOUS_MOVE = YES;
				CLANG_WARN_UNGUARDED_AVAILABILITY = YES_AGGRESSIVE;
				CLANG_WARN_UNREACHABLE_CODE = YES;
				CLANG_WARN__DUPLICATE_METHOD_MATCH = YES;
				CODE_SIGN_IDENTITY = "iPhone Developer";
				COPY_PHASE_STRIP = NO;
				DEBUG_INFORMATION_FORMAT = "dwarf-with-dsym";
				ENABLE_NS_ASSERTIONS = NO;
				ENABLE_STRICT_OBJC_MSGSEND = YES;
				GCC_C_LANGUAGE_STANDARD = gnu11;
				GCC_NO_COMMON_BLOCKS = YES;
				GCC_WARN_64_TO_32_BIT_CONVERSION = YES;
				GCC_WARN_ABOUT_RETURN_TYPE = YES_ERROR;
				GCC_WARN_UNDECLARED_SELECTOR = YES;
				GCC_WARN_UNINITIALIZED_AUTOS = YES_AGGRESSIVE;
				GCC_WARN_UNUSED_FUNCTION = YES;
				GCC_WARN_UNUSED_VARIABLE = YES;
				IPHONEOS_DEPLOYMENT_TARGET = 12.1;
				MTL_ENABLE_DEBUG_INFO = NO;
				MTL_FAST_MATH = YES;
				SDKROOT = iphoneos;
				SWIFT_COMPILATION_MODE = wholemodule;
				SWIFT_OPTIMIZATION_LEVEL = "-O";
				VALIDATE_PRODUCT = YES;
			};
			name = Release;
		};
		B96E0E9E219347E60097AB34 /* Debug */ = {
			isa = XCBuildConfiguration;
			buildSettings = {
				ASSETCATALOG_COMPILER_APPICON_NAME = AppIcon;
				CODE_SIGN_STYLE = Automatic;
				DEVELOPMENT_TEAM = NHCQUZ8AKK;
				INFOPLIST_FILE = TaskKiller/Info.plist;
				LD_RUNPATH_SEARCH_PATHS = (
					"$(inherited)",
					"@executable_path/Frameworks",
				);
				PRODUCT_BUNDLE_IDENTIFIER = feelGood.TaskKiller;
				PRODUCT_NAME = "$(TARGET_NAME)";
				SWIFT_VERSION = 4.2;
				TARGETED_DEVICE_FAMILY = "1,2";
			};
			name = Debug;
		};
		B96E0E9F219347E60097AB34 /* Release */ = {
			isa = XCBuildConfiguration;
			buildSettings = {
				ASSETCATALOG_COMPILER_APPICON_NAME = AppIcon;
				CODE_SIGN_STYLE = Automatic;
				DEVELOPMENT_TEAM = NHCQUZ8AKK;
				INFOPLIST_FILE = TaskKiller/Info.plist;
				LD_RUNPATH_SEARCH_PATHS = (
					"$(inherited)",
					"@executable_path/Frameworks",
				);
				PRODUCT_BUNDLE_IDENTIFIER = feelGood.TaskKiller;
				PRODUCT_NAME = "$(TARGET_NAME)";
				SWIFT_VERSION = 4.2;
				TARGETED_DEVICE_FAMILY = "1,2";
			};
			name = Release;
		};
		B96E0EA1219347E60097AB34 /* Debug */ = {
			isa = XCBuildConfiguration;
			buildSettings = {
				ALWAYS_EMBED_SWIFT_STANDARD_LIBRARIES = YES;
				BUNDLE_LOADER = "$(TEST_HOST)";
				CODE_SIGN_STYLE = Automatic;
				DEVELOPMENT_TEAM = NHCQUZ8AKK;
				INFOPLIST_FILE = TaskKillerTests/Info.plist;
				LD_RUNPATH_SEARCH_PATHS = (
					"$(inherited)",
					"@executable_path/Frameworks",
					"@loader_path/Frameworks",
				);
				PRODUCT_BUNDLE_IDENTIFIER = feelGood.TaskKillerTests;
				PRODUCT_NAME = "$(TARGET_NAME)";
				SWIFT_VERSION = 4.2;
				TARGETED_DEVICE_FAMILY = "1,2";
				TEST_HOST = "$(BUILT_PRODUCTS_DIR)/TaskKiller.app/TaskKiller";
			};
			name = Debug;
		};
		B96E0EA2219347E60097AB34 /* Release */ = {
			isa = XCBuildConfiguration;
			buildSettings = {
				ALWAYS_EMBED_SWIFT_STANDARD_LIBRARIES = YES;
				BUNDLE_LOADER = "$(TEST_HOST)";
				CODE_SIGN_STYLE = Automatic;
				DEVELOPMENT_TEAM = NHCQUZ8AKK;
				INFOPLIST_FILE = TaskKillerTests/Info.plist;
				LD_RUNPATH_SEARCH_PATHS = (
					"$(inherited)",
					"@executable_path/Frameworks",
					"@loader_path/Frameworks",
				);
				PRODUCT_BUNDLE_IDENTIFIER = feelGood.TaskKillerTests;
				PRODUCT_NAME = "$(TARGET_NAME)";
				SWIFT_VERSION = 4.2;
				TARGETED_DEVICE_FAMILY = "1,2";
				TEST_HOST = "$(BUILT_PRODUCTS_DIR)/TaskKiller.app/TaskKiller";
			};
			name = Release;
		};
/* End XCBuildConfiguration section */

/* Begin XCConfigurationList section */
		B96E0E78219347E50097AB34 /* Build configuration list for PBXProject "TaskKiller" */ = {
			isa = XCConfigurationList;
			buildConfigurations = (
				B96E0E9B219347E60097AB34 /* Debug */,
				B96E0E9C219347E60097AB34 /* Release */,
			);
			defaultConfigurationIsVisible = 0;
			defaultConfigurationName = Release;
		};
		B96E0E9D219347E60097AB34 /* Build configuration list for PBXNativeTarget "TaskKiller" */ = {
			isa = XCConfigurationList;
			buildConfigurations = (
				B96E0E9E219347E60097AB34 /* Debug */,
				B96E0E9F219347E60097AB34 /* Release */,
			);
			defaultConfigurationIsVisible = 0;
			defaultConfigurationName = Release;
		};
		B96E0EA0219347E60097AB34 /* Build configuration list for PBXNativeTarget "TaskKillerTests" */ = {
			isa = XCConfigurationList;
			buildConfigurations = (
				B96E0EA1219347E60097AB34 /* Debug */,
				B96E0EA2219347E60097AB34 /* Release */,
			);
			defaultConfigurationIsVisible = 0;
			defaultConfigurationName = Release;
		};
/* End XCConfigurationList section */

/* Begin XCVersionGroup section */
		B96E0E87219347E50097AB34 /* TaskKiller.xcdatamodeld */ = {
			isa = XCVersionGroup;
			children = (
				0407E0A821C4C01700704082 /* TaskKiller 13.xcdatamodel */,
				0407E0A221C343CB00704082 /* TaskKiller 12.xcdatamodel */,
				044723C121C21D4B00F0214F /* TaskKiller 11.xcdatamodel */,
				B9A8B15B219936310085FCA0 /* TaskKiller 10.xcdatamodel */,
				B9A8B15A219936070085FCA0 /* TaskKiller 9.xcdatamodel */,
				B9A8B1592199359B0085FCA0 /* TaskKiller 8.xcdatamodel */,
				B9A8B13D21983DFF0085FCA0 /* TaskKiller 7.xcdatamodel */,
				B9A8B13321970AB80085FCA0 /* TaskKiller 6.xcdatamodel */,
				B9A8B13221970A4E0085FCA0 /* TaskKiller 5.xcdatamodel */,
				B9A8B12D2196FEA60085FCA0 /* TaskKiller 4.xcdatamodel */,
				B9A8B12C2196FDCB0085FCA0 /* TaskKiller 3.xcdatamodel */,
				B9A8B11521953E300085FCA0 /* TaskKiller 2.xcdatamodel */,
				B96E0E88219347E50097AB34 /* TaskKiller.xcdatamodel */,
			);
			currentVersion = 0407E0A821C4C01700704082 /* TaskKiller 13.xcdatamodel */;
			path = TaskKiller.xcdatamodeld;
			sourceTree = "<group>";
			versionGroupType = wrapper.xcdatamodel;
		};
/* End XCVersionGroup section */
	};
	rootObject = B96E0E75219347E50097AB34 /* Project object */;
}
